
Microsoft Visual Studio Solution File, Format Version 12.00
# Visual Studio Version 17
VisualStudioVersion = 17.5.002.0
MinimumVisualStudioVersion = 10.0.40219.1
Project("{9A19103F-16F7-4668-BE54-9A1E7A4F7556}") = "EtydAspRead", "EtydAspRead.csproj", "{9335E3E7-C30F-484E-8EAA-0A709D24FED5}"
EndProject
Global
	GlobalSection(SolutionConfigurationPlatforms) = preSolution
		Debug|Any CPU = Debug|Any CPU
		Release|Any CPU = Release|Any CPU
	EndGlobalSection
	GlobalSection(ProjectConfigurationPlatforms) = postSolution
		{9335E3E7-C30F-484E-8EAA-0A709D24FED5}.Debug|Any CPU.ActiveCfg = Debug|Any CPU
		{9335E3E7-C30F-484E-8EAA-0A709D24FED5}.Debug|Any CPU.Build.0 = Debug|Any CPU
		{9335E3E7-C30F-484E-8EAA-0A709D24FED5}.Release|Any CPU.ActiveCfg = Release|Any CPU
		{9335E3E7-C30F-484E-8EAA-0A709D24FED5}.Release|Any CPU.Build.0 = Release|Any CPU
	EndGlobalSection
	GlobalSection(SolutionProperties) = preSolution
		HideSolutionNode = FALSE
	EndGlobalSection
	GlobalSection(ExtensibilityGlobals) = postSolution
		SolutionGuid = {40FE82CB-B21B-4A8A-B90D-01753E44B5EB}
	EndGlobalSection
EndGlobal
